
Microsoft Visual Studio Solution File, Format Version 12.00
# Visual Studio Version 16
VisualStudioVersion = 16.0.31105.61
MinimumVisualStudioVersion = 10.0.40219.1
Project("{9A19103F-16F7-4668-BE54-9A1E7A4F7556}") = "BreakingBricksCore", "BreakingBricksCore\BreakingBricksCore.csproj", "{23F5F458-F201-4914-84FF-12B1B6B36A4D}"
EndProject
Project("{9A19103F-16F7-4668-BE54-9A1E7A4F7556}") = "BreakingBricksConsole", "BreakingBricksConsole\BreakingBricksConsole.csproj", "{52932C3A-9E93-4540-9F30-15270F4295C8}"
EndProject
Project("{9A19103F-16F7-4668-BE54-9A1E7A4F7556}") = "BreakingBricksTest", "BreakingBricksTest\BreakingBricksTest.csproj", "{531CFD00-409E-4F12-A3AF-158AE04974CE}"
EndProject
Project("{FAE04EC0-301F-11D3-BF4B-00C04F79EFBC}") = "BreakingBricksWeb", "BreakingBricksWeb\BreakingBricksWeb.csproj", "{E84E8076-154D-4E89-9A87-DD51964A49B6}"
EndProject
Global
	GlobalSection(SolutionConfigurationPlatforms) = preSolution
		Debug|Any CPU = Debug|Any CPU
		Release|Any CPU = Release|Any CPU
	EndGlobalSection
	GlobalSection(ProjectConfigurationPlatforms) = postSolution
		{23F5F458-F201-4914-84FF-12B1B6B36A4D}.Debug|Any CPU.ActiveCfg = Debug|Any CPU
		{23F5F458-F201-4914-84FF-12B1B6B36A4D}.Debug|Any CPU.Build.0 = Debug|Any CPU
		{23F5F458-F201-4914-84FF-12B1B6B36A4D}.Release|Any CPU.ActiveCfg = Release|Any CPU
		{23F5F458-F201-4914-84FF-12B1B6B36A4D}.Release|Any CPU.Build.0 = Release|Any CPU
		{52932C3A-9E93-4540-9F30-15270F4295C8}.Debug|Any CPU.ActiveCfg = Debug|Any CPU
		{52932C3A-9E93-4540-9F30-15270F4295C8}.Debug|Any CPU.Build.0 = Debug|Any CPU
		{52932C3A-9E93-4540-9F30-15270F4295C8}.Release|Any CPU.ActiveCfg = Release|Any CPU
		{52932C3A-9E93-4540-9F30-15270F4295C8}.Release|Any CPU.Build.0 = Release|Any CPU
		{531CFD00-409E-4F12-A3AF-158AE04974CE}.Debug|Any CPU.ActiveCfg = Debug|Any CPU
		{531CFD00-409E-4F12-A3AF-158AE04974CE}.Debug|Any CPU.Build.0 = Debug|Any CPU
		{531CFD00-409E-4F12-A3AF-158AE04974CE}.Release|Any CPU.ActiveCfg = Release|Any CPU
		{531CFD00-409E-4F12-A3AF-158AE04974CE}.Release|Any CPU.Build.0 = Release|Any CPU
		{E84E8076-154D-4E89-9A87-DD51964A49B6}.Debug|Any CPU.ActiveCfg = Debug|Any CPU
		{E84E8076-154D-4E89-9A87-DD51964A49B6}.Debug|Any CPU.Build.0 = Debug|Any CPU
		{E84E8076-154D-4E89-9A87-DD51964A49B6}.Release|Any CPU.ActiveCfg = Release|Any CPU
		{E84E8076-154D-4E89-9A87-DD51964A49B6}.Release|Any CPU.Build.0 = Release|Any CPU
	EndGlobalSection
	GlobalSection(SolutionProperties) = preSolution
		HideSolutionNode = FALSE
	EndGlobalSection
	GlobalSection(ExtensibilityGlobals) = postSolution
		SolutionGuid = {E220FFF9-D2A1-4881-B639-06D3C64D975C}
	EndGlobalSection
EndGlobal
